#MicroXplorer Configuration settings - do not modify
Mcu.Family=STM32F4
ProjectManager.MainLocation=Core/Src
STMicroelectronics.X-CUBE-AI.6.0.0.ModelFlashOccupation-07448e76b96422c653e9ac1ae8f90122f9fb80ac9f5fc49930ef047e372bb591=473128
VP_STMicroelectronics.X-CUBE-AI_VS_ArtificialOoIntelligenceJjXAaCUBEAaAI_6.0.0.Mode=ArtificialOoIntelligenceJjXAaCUBEAaAI
PH0-OSC_IN.Locked=true
PH0-OSC_IN.Signal=RCC_OSC_IN
USART2.IPParameters=VirtualMode
RCC.CortexFreq_Value=80000000
STMicroelectronics.X-CUBE-AI.6.0.0.MaximumSizeOfInputLayer=AI_DIGIT_RECOGNITION_MODEL_IN_1_SIZE_BYTES
ProjectManager.KeepUserCode=true
Mcu.UserName=STM32F446RETx
RCC.PLLCLKFreq_Value=80000000
PA14.GPIO_Label=TCK
RCC.PLLQCLKFreq_Value=80000000
ProjectManager.functionlistsort=1-MX_GPIO_Init-GPIO-false-HAL-true,2-SystemClock_Config-RCC-false-HAL-false,3-MX_USART2_UART_Init-USART2-false-HAL-true,4-MX_CRC_Init-CRC-false-HAL-true,5-MX_TIM14_Init-TIM14-false-HAL-true
RCC.RTCFreq_Value=32000
PA3.GPIOParameters=GPIO_Label
RCC.PLLI2SRCLKFreq_Value=96000000
STMicroelectronics.X-CUBE-AI.6.0.0.StackSize=0x1000
PC13.GPIO_Label=B1 [Blue PushButton]
RCC.SAIAFreq_Value=96000000
PA2.GPIOParameters=GPIO_Label
PinOutPanel.RotationAngle=0
RCC.SYSCLKSource=RCC_SYSCLKSOURCE_PLLCLK
ProjectManager.StackSize=0x1000
SH.GPXTI13.0=GPIO_EXTI13
Mcu.IP4=TIM14
RCC.FCLKCortexFreq_Value=80000000
Mcu.IP5=USART2
NVIC.SVCall_IRQn=true\:0\:0\:false\:false\:true\:false\:false
Mcu.IP2=RCC
Mcu.IP3=SYS
Mcu.IP0=CRC
Mcu.IP1=NVIC
Mcu.UserConstants=
SH.GPXTI13.ConfNb=1
Mcu.ThirdPartyNb=1
RCC.SDIOFreq_Value=80000000
STMicroelectronics.X-CUBE-AI.6.0.0_SwParameter=XAaCUBEAaAICcArtificialOoIntelligenceJjCore\:true;
RCC.HCLKFreq_Value=80000000
Mcu.IPNb=6
RCC.I2SClocksFreq_Value=96000000
ProjectManager.PreviousToolchain=
RCC.APB2TimFreq_Value=80000000
RCC.SPDIFRXFreq_Value=80000000
RCC.VcooutputI2S=96000000
Mcu.Pin6=PA3
Mcu.Pin7=PA5
Mcu.Pin8=PA13
Mcu.Pin9=PA14
RCC.VCOSAIOutputFreq_Value=192000000
STMicroelectronics.X-CUBE-AI.6.0.0.ModelActualCompression-07448e76b96422c653e9ac1ae8f90122f9fb80ac9f5fc49930ef047e372bb591=0.0
RCC.AHBFreq_Value=80000000
PH0-OSC_IN.Mode=HSE-External-Oscillator
Mcu.Pin0=PC13
Mcu.Pin1=PC14-OSC32_IN
Mcu.Pin2=PC15-OSC32_OUT
Mcu.Pin3=PH0-OSC_IN
Mcu.Pin4=PH1-OSC_OUT
Mcu.Pin5=PA2
ProjectManager.ProjectBuild=false
RCC.HSE_VALUE=8000000
NVIC.UsageFault_IRQn=true\:0\:0\:false\:false\:true\:true\:false
NVIC.DebugMonitor_IRQn=true\:0\:0\:false\:false\:true\:true\:false
STMicroelectronics.X-CUBE-AI.6.0.0.ModelRamOccupation-07448e76b96422c653e9ac1ae8f90122f9fb80ac9f5fc49930ef047e372bb591=4200
TIM14.Period=65536 - 1
NVIC.SysTick_IRQn=true\:0\:0\:true\:false\:true\:true\:true
ProjectManager.FirmwarePackage=STM32Cube FW_F4 V1.26.1
MxDb.Version=DB.6.0.21
Mcu.ThirdParty0=STMicroelectronics.X-CUBE-AI.6.0.0
ProjectManager.BackupPrevious=false
PC14-OSC32_IN.Mode=LSE-External-Oscillator
RCC.VCOInputFreq_Value=2000000
PA14.Mode=Serial_Wire
STMicroelectronics.X-CUBE-AI.6.0.0.XAaCUBEAaAICcArtificialOoIntelligenceJjCore=true
File.Version=6
PH1-OSC_OUT.Locked=true
PB3.GPIOParameters=GPIO_Label
RCC.PLLRCLKFreq_Value=80000000
NVIC.PendSV_IRQn=true\:0\:0\:false\:false\:true\:false\:false
STMicroelectronics.X-CUBE-AI.6.0.0.ModelKind-07448e76b96422c653e9ac1ae8f90122f9fb80ac9f5fc49930ef047e372bb591=TFLITE
ProjectManager.HalAssertFull=false
STMicroelectronics.X-CUBE-AI.6.0.0.ModelCompression-07448e76b96422c653e9ac1ae8f90122f9fb80ac9f5fc49930ef047e372bb591=1
ProjectManager.ProjectName=Digit_Recognition
RCC.FLatency-AdvancedSettings=FLASH_LATENCY_2
PA13.GPIOParameters=GPIO_Label
PH1-OSC_OUT.Mode=HSE-External-Oscillator
RCC.MCO2PinFreq_Value=80000000
Mcu.Package=LQFP64
PA5.Locked=true
USART2.VirtualMode=VM_ASYNC
PA14.Locked=true
ProjectManager.ToolChainLocation=
PA2.GPIO_Label=USART_TX
RCC.LSI_VALUE=32000
VP_SYS_VS_Systick.Signal=SYS_VS_Systick
PA5.GPIOParameters=GPIO_Label
RCC.APB2CLKDivider=RCC_HCLK_DIV2
RCC.CECFreq_Value=32786.88524590164
RCC.APB1TimFreq_Value=80000000
NVIC.BusFault_IRQn=true\:0\:0\:false\:false\:true\:true\:false
VP_TIM14_VS_ClockSourceINT.Mode=Enable_Timer
TIM14.IPParameters=Prescaler,Period
RCC.SAIBFreq_Value=96000000
ProjectManager.CustomerFirmwarePackage=
PC14-OSC32_IN.Locked=true
RCC.PLLSAIQCLKFreq_Value=96000000
PB3.Locked=true
PA3.Signal=USART2_RX
STMicroelectronics.X-CUBE-AI.6.0.0.ModelMacc-07448e76b96422c653e9ac1ae8f90122f9fb80ac9f5fc49930ef047e372bb591=118688
PA2.Locked=true
PB3.GPIO_Label=SWO
VP_STMicroelectronics.X-CUBE-AI_VS_ArtificialOoIntelligenceJjXAaCUBEAaAI_6.0.0.Signal=STMicroelectronics.X-CUBE-AI_VS_ArtificialOoIntelligenceJjXAaCUBEAaAI_6.0.0
PC15-OSC32_OUT.Mode=LSE-External-Oscillator
ProjectManager.ProjectFileName=Digit_Recognition.ioc
STMicroelectronics.X-CUBE-AI.6.0.0.LatestDirectoryUsed-07448e76b96422c653e9ac1ae8f90122f9fb80ac9f5fc49930ef047e372bb591=C\:\\Users\\User\\Documents\\UTM Master\\Study\\Sem1\\MKEL1123-ADVANCED MICROPROCESSOR SYSTEM\\Program
Mcu.PinsNb=15
VP_TIM14_VS_ClockSourceINT.Signal=TIM14_VS_ClockSourceINT
ProjectManager.NoMain=false
PC13.Locked=true
PC13.Signal=GPXTI13
RCC.FMPI2C1Freq_Value=40000000
RCC.VCOI2SInputFreq_Value=1000000
STMicroelectronics.X-CUBE-AI.6.0.0.MaximumSizeOfOutputLayer=AI_DIGIT_RECOGNITION_MODEL_OUT_1_SIZE_BYTES
ProjectManager.DefaultFWLocation=true
ProjectManager.DeletePrevious=true
RCC.APB1CLKDivider=RCC_HCLK_DIV2
PC14-OSC32_IN.Signal=RCC_OSC32_IN
STMicroelectronics.X-CUBE-AI.6.0.0.ModelStructureFile-07448e76b96422c653e9ac1ae8f90122f9fb80ac9f5fc49930ef047e372bb591=C\:\\Users\\User\\Documents\\UTM Master\\Study\\Sem1\\MKEL1123-ADVANCED MICROPROCESSOR SYSTEM\\Program\\Digit_recognition.tflite
boardIOC=true
STMicroelectronics.X-CUBE-AI.6.0.0.ModelType-07448e76b96422c653e9ac1ae8f90122f9fb80ac9f5fc49930ef047e372bb591=STM32Cube.AI runtime
RCC.FamilyName=M
PA3.Mode=Asynchronous
PA13.Signal=SYS_JTMS-SWDIO
STMicroelectronics.X-CUBE-AI.6.0.0.ModelHashList=07448e76b96422c653e9ac1ae8f90122f9fb80ac9f5fc49930ef047e372bb591
PC15-OSC32_OUT.Locked=true
STMicroelectronics.X-CUBE-AI.6.0.0.IPParameters=HeapSize,StackSize,ModelName-07448e76b96422c653e9ac1ae8f90122f9fb80ac9f5fc49930ef047e372bb591,ModelKind-07448e76b96422c653e9ac1ae8f90122f9fb80ac9f5fc49930ef047e372bb591,ModelHashList,ModelNameList,WorkingBufferStartAddrList,LatestDirectoryUsed-07448e76b96422c653e9ac1ae8f90122f9fb80ac9f5fc49930ef047e372bb591,ModelStructureFile-07448e76b96422c653e9ac1ae8f90122f9fb80ac9f5fc49930ef047e372bb591,ModelMacc-07448e76b96422c653e9ac1ae8f90122f9fb80ac9f5fc49930ef047e372bb591,ModelActualCompression-07448e76b96422c653e9ac1ae8f90122f9fb80ac9f5fc49930ef047e372bb591,ModelFlashOccupation-07448e76b96422c653e9ac1ae8f90122f9fb80ac9f5fc49930ef047e372bb591,ModelRamOccupation-07448e76b96422c653e9ac1ae8f90122f9fb80ac9f5fc49930ef047e372bb591,ModelCompression-07448e76b96422c653e9ac1ae8f90122f9fb80ac9f5fc49930ef047e372bb591,InternalRamActivationBufferMaxSize,ActivationBufferSizeList,MaximumNumberOfInputLayer,MaximumNumberOfOutputLayer,MaximumSizeOfInputLayer,MaximumSizeOfOutputLayer,XAaCUBEAaAICcArtificialOoIntelligenceJjCore,ModelType-07448e76b96422c653e9ac1ae8f90122f9fb80ac9f5fc49930ef047e372bb591
ProjectManager.TargetToolchain=STM32CubeIDE
STMicroelectronics.X-CUBE-AI.6.0.0.InternalRamActivationBufferMaxSize=AI_DIGIT_RECOGNITION_MODEL_DATA_ACTIVATIONS_SIZE
VP_CRC_VS_CRC.Signal=CRC_VS_CRC
STMicroelectronics.X-CUBE-AI.6.0.0.ModelName-07448e76b96422c653e9ac1ae8f90122f9fb80ac9f5fc49930ef047e372bb591=digit_recognition_model
STMicroelectronics.X-CUBE-AI.6.0.0.WorkingBufferStartAddrList=0xFFFFFFFF
RCC.VCOInputMFreq_Value=1000000
STMicroelectronics.X-CUBE-AI.6.0.0.ModelNameList=digit_recognition_model
ProjectManager.RegisterCallBack=
RCC.USBFreq_Value=80000000
STMicroelectronics.X-CUBE-AI.6.0.0.MaximumNumberOfOutputLayer=1
PC15-OSC32_OUT.Signal=RCC_OSC32_OUT
RCC.VCOI2SOutputFreq_Value=192000000
PA5.Signal=GPIO_Output
STMicroelectronics.X-CUBE-AI.6.0.0.ArtificialOoIntelligenceJjXAaCUBEAaAI_Checked=true
RCC.PLLSAIPCLKFreq_Value=96000000
board=NUCLEO-F446RE
RCC.VCOOutputFreq_Value=160000000
ProjectManager.LastFirmware=true
RCC.APB2Freq_Value=40000000
MxCube.Version=6.2.1
RCC.PLLI2SPCLKFreq_Value=96000000
PC13.GPIOParameters=GPIO_Label,GPIO_ModeDefaultEXTI
VP_SYS_VS_Systick.Mode=SysTick
RCC.EthernetFreq_Value=84000000
PH1-OSC_OUT.Signal=RCC_OSC_OUT
NVIC.NonMaskableInt_IRQn=true\:0\:0\:false\:false\:true\:true\:false
PA13.Mode=Serial_Wire
ProjectManager.FreePins=false
RCC.IPParameters=48MHZClocksFreq_Value,AHBFreq_Value,APB1CLKDivider,APB1Freq_Value,APB1TimFreq_Value,APB2CLKDivider,APB2Freq_Value,APB2TimFreq_Value,CECFreq_Value,CortexFreq_Value,EthernetFreq_Value,FCLKCortexFreq_Value,FLatency-AdvancedSettings,FMPI2C1Freq_Value,FamilyName,HCLKFreq_Value,HSE_VALUE,HSI_VALUE,I2SClocksFreq_Value,LSI_VALUE,MCO2PinFreq_Value,PLLCLKFreq_Value,PLLI2SPCLKFreq_Value,PLLI2SQCLKFreq_Value,PLLI2SRCLKFreq_Value,PLLM,PLLN,PLLQCLKFreq_Value,PLLRCLKFreq_Value,PLLSAIPCLKFreq_Value,PLLSAIQCLKFreq_Value,PWRFreq_Value,RTCFreq_Value,RTCHSEDivFreq_Value,SAIAFreq_Value,SAIBFreq_Value,SDIOFreq_Value,SPDIFRXFreq_Value,SYSCLKFreq_VALUE,SYSCLKSource,USBFreq_Value,VCOI2SInputFreq_Value,VCOI2SOutputFreq_Value,VCOInputFreq_Value,VCOInputMFreq_Value,VCOOutputFreq_Value,VCOSAIInputFreq_Value,VCOSAIOutputFreq_Value,VcooutputI2S
ProjectManager.AskForMigrate=true
Mcu.Name=STM32F446R(C-E)Tx
RCC.PLLI2SQCLKFreq_Value=96000000
RCC.RTCHSEDivFreq_Value=4000000
TIM14.Prescaler=80 - 1
PA13.GPIO_Label=TMS
PA2.Signal=USART2_TX
ProjectManager.UnderRoot=true
RCC.VCOSAIInputFreq_Value=1000000
ProjectManager.CoupleFile=false
RCC.48MHZClocksFreq_Value=84000000
PB3.Signal=SYS_JTDO-SWO
RCC.SYSCLKFreq_VALUE=80000000
PA3.Locked=true
PA5.GPIO_Label=LD2 [Green Led]
NVIC.ForceEnableDMAVector=true
KeepUserPlacement=false
PC13.GPIO_ModeDefaultEXTI=GPIO_MODE_IT_FALLING
PA14.GPIOParameters=GPIO_Label
NVIC.MemoryManagement_IRQn=true\:0\:0\:false\:false\:true\:true\:false
PA13.Locked=true
ProjectManager.CompilerOptimize=6
PA14.Signal=SYS_JTCK-SWCLK
STMicroelectronics.X-CUBE-AI.6.0.0.MaximumNumberOfInputLayer=1
ProjectManager.HeapSize=0x200
NVIC.HardFault_IRQn=true\:0\:0\:false\:false\:true\:true\:false
Mcu.Pin13=VP_TIM14_VS_ClockSourceINT
STMicroelectronics.X-CUBE-AI.6.0.0.HeapSize=0x200
Mcu.Pin14=VP_STMicroelectronics.X-CUBE-AI_VS_ArtificialOoIntelligenceJjXAaCUBEAaAI_6.0.0
ProjectManager.ComputerToolchain=false
RCC.HSI_VALUE=16000000
NVIC.PriorityGroup=NVIC_PRIORITYGROUP_0
Mcu.Pin11=VP_CRC_VS_CRC
Mcu.Pin12=VP_SYS_VS_Systick
RCC.PLLM=8
RCC.PLLN=80
Mcu.Pin10=PB3
PA2.Mode=Asynchronous
RCC.PWRFreq_Value=80000000
RCC.APB1Freq_Value=40000000
VP_CRC_VS_CRC.Mode=CRC_Activate
STMicroelectronics.X-CUBE-AI.6.0.0.ActivationBufferSizeList=4200
ProjectManager.DeviceId=STM32F446RETx
ProjectManager.LibraryCopy=1
PA3.GPIO_Label=USART_RX
